{
  "lib/forge-std": {
    "rev": "3b20d60d14b343ee4f908cb8079495c07f5e8981"
  },
  "lib/openzeppelin-contracts": {
    "rev": "69c8def5f222ff96f2b5beff05dfba996368aa79"
  },
  "lib/v4-core": {
    "rev": "59d3ecf53afa9264a16bba0e38f4c5d2231f80bc"
  },
  "lib/v4-periphery": {
    "rev": "60cd93803ac2b7fa65fd6cd351fd5fd4cc8c9db5"
  }
}